// !$*UTF8*$!
{
	archiveVersion = 1;
	classes = {
	};
	objectVersion = 55;
	objects = {

/* Begin PBXBuildFile section */
		74FED0A52850008F0095E103 /* AppDelegate.swift in Sources */ = {isa = PBXBuildFile; fileRef = 74FED0A42850008F0095E103 /* AppDelegate.swift */; };
		74FED0A72850008F0095E103 /* SceneDelegate.swift in Sources */ = {isa = PBXBuildFile; fileRef = 74FED0A62850008F0095E103 /* SceneDelegate.swift */; };
		74FED0A92850008F0095E103 /* ViewController.swift in Sources */ = {isa = PBXBuildFile; fileRef = 74FED0A82850008F0095E103 /* ViewController.swift */; };
		74FED0AC2850008F0095E103 /* Main.storyboard in Resources */ = {isa = PBXBuildFile; fileRef = 74FED0AA2850008F0095E103 /* Main.storyboard */; };
		74FED0AE285000900095E103 /* Assets.xcassets in Resources */ = {isa = PBXBuildFile; fileRef = 74FED0AD285000900095E103 /* Assets.xcassets */; };
		74FED0B1285000900095E103 /* LaunchScreen.storyboard in Resources */ = {isa = PBXBuildFile; fileRef = 74FED0AF285000900095E103 /* LaunchScreen.storyboard */; };
		74FED0B9285001340095E103 /* ClassBeer.swift in Sources */ = {isa = PBXBuildFile; fileRef = 74FED0B8285001340095E103 /* ClassBeer.swift */; };
		74FED0BB2850025D0095E103 /* Manager.swift in Sources */ = {isa = PBXBuildFile; fileRef = 74FED0BA2850025D0095E103 /* Manager.swift */; };
/* End PBXBuildFile section */

/* Begin PBXFileReference section */
		74FED0A12850008F0095E103 /* TMS DZ 4.1 (dz).app */ = {isa = PBXFileReference; explicitFileType = wrapper.application; includeInIndex = 0; path = "TMS DZ 4.1 (dz).app"; sourceTree = BUILT_PRODUCTS_DIR; };
		74FED0A42850008F0095E103 /* AppDelegate.swift */ = {isa = PBXFileReference; lastKnownFileType = sourcecode.swift; path = AppDelegate.swift; sourceTree = "<group>"; };
		74FED0A62850008F0095E103 /* SceneDelegate.swift */ = {isa = PBXFileReference; lastKnownFileType = sourcecode.swift; path = SceneDelegate.swift; sourceTree = "<group>"; };
		74FED0A82850008F0095E103 /* ViewController.swift */ = {isa = PBXFileReference; lastKnownFileType = sourcecode.swift; path = ViewController.swift; sourceTree = "<group>"; };
		74FED0AB2850008F0095E103 /* Base */ = {isa = PBXFileReference; lastKnownFileType = file.storyboard; name = Base; path = Base.lproj/Main.storyboard; sourceTree = "<group>"; };
		74FED0AD285000900095E103 /* Assets.xcassets */ = {isa = PBXFileReference; lastKnownFileType = folder.assetcatalog; path = Assets.xcassets; sourceTree = "<group>"; };
		74FED0B0285000900095E103 /* Base */ = {isa = PBXFileReference; lastKnownFileType = file.storyboard; name = Base; path = Base.lproj/LaunchScreen.storyboard; sourceTree = "<group>"; };
		74FED0B2285000900095E103 /* Info.plist */ = {isa = PBXFileReference; lastKnownFileType = text.plist.xml; path = Info.plist; sourceTree = "<group>"; };
		74FED0B8285001340095E103 /* ClassBeer.swift */ = {isa = PBXFileReference; lastKnownFileType = sourcecode.swift; path = ClassBeer.swift; sourceTree = "<group>"; };
		74FED0BA2850025D0095E103 /* Manager.swift */ = {isa = PBXFileReference; lastKnownFileType = sourcecode.swift; path = Manager.swift; sourceTree = "<group>"; };
/* End PBXFileReference section */

/* Begin PBXFrameworksBuildPhase section */
		74FED09E2850008F0095E103 /* Frameworks */ = {
			isa = PBXFrameworksBuildPhase;
			buildActionMask = 2147483647;
			files = (
			);
			runOnlyForDeploymentPostprocessing = 0;
		};
/* End PBXFrameworksBuildPhase section */

/* Begin PBXGroup section */
		74FED0982850008F0095E103 = {
			isa = PBXGroup;
			children = (
				74FED0A32850008F0095E103 /* TMS DZ 4.1 (dz) */,
				74FED0A22850008F0095E103 /* Products */,
			);
			sourceTree = "<group>";
		};
		74FED0A22850008F0095E103 /* Products */ = {
			isa = PBXGroup;
			children = (
				74FED0A12850008F0095E103 /* TMS DZ 4.1 (dz).app */,
			);
			name = Products;
			sourceTree = "<group>";
		};
		74FED0A32850008F0095E103 /* TMS DZ 4.1 (dz) */ = {
			isa = PBXGroup;
			children = (
				74FED0A42850008F0095E103 /* AppDelegate.swift */,
				74FED0A62850008F0095E103 /* SceneDelegate.swift */,
				74FED0A82850008F0095E103 /* ViewController.swift */,
				74FED0B8285001340095E103 /* ClassBeer.swift */,
				74FED0BA2850025D0095E103 /* Manager.swift */,
				74FED0AA2850008F0095E103 /* Main.storyboard */,
				74FED0AD285000900095E103 /* Assets.xcassets */,
				74FED0AF285000900095E103 /* LaunchScreen.storyboard */,
				74FED0B2285000900095E103 /* Info.plist */,
			);
			path = "TMS DZ 4.1 (dz)";
			sourceTree = "<group>";
		};
/* End PBXGroup section */

/* Begin PBXNativeTarget section */
		74FED0A02850008F0095E103 /* TMS DZ 4.1 (dz) */ = {
			isa = PBXNativeTarget;
			buildConfigurationList = 74FED0B5285000900095E103 /* Build configuration list for PBXNativeTarget "TMS DZ 4.1 (dz)" */;
			buildPhases = (
				74FED09D2850008F0095E103 /* Sources */,
				74FED09E2850008F0095E103 /* Frameworks */,
				74FED09F2850008F0095E103 /* Resources */,
			);
			buildRules = (
			);
			dependencies = (
			);
			name = "TMS DZ 4.1 (dz)";
			productName = "TMS DZ 4.1 (dz)";
			productReference = 74FED0A12850008F0095E103 /* TMS DZ 4.1 (dz).app */;
			productType = "com.apple.product-type.application";
		};
/* End PBXNativeTarget section */

/* Begin PBXProject section */
		74FED0992850008F0095E103 /* Project object */ = {
			isa = PBXProject;
			attributes = {
				BuildIndependentTargetsInParallel = 1;
				LastSwiftUpdateCheck = 1340;
				LastUpgradeCheck = 1340;
				TargetAttributes = {
					74FED0A02850008F0095E103 = {
						CreatedOnToolsVersion = 13.4;
					};
				};
			};
			buildConfigurationList = 74FED09C2850008F0095E103 /* Build configuration list for PBXProject "TMS DZ 4.1 (dz)" */;
			compatibilityVersion = "Xcode 13.0";
			developmentRegion = en;
			hasScannedForEncodings = 0;
			knownRegions = (
				en,
				Base,
			);
			mainGroup = 74FED0982850008F0095E103;
			productRefGroup = 74FED0A22850008F0095E103 /* Products */;
			projectDirPath = "";
			projectRoot = "";
			targets = (
				74FED0A02850008F0095E103 /* TMS DZ 4.1 (dz) */,
			);
		};
/* End PBXProject section */

/* Begin PBXResourcesBuildPhase section */
		74FED09F2850008F0095E103 /* Resources */ = {
			isa = PBXResourcesBuildPhase;
			buildActionMask = 2147483647;
			files = (
				74FED0B1285000900095E103 /* LaunchScreen.storyboard in Resources */,
				74FED0AE285000900095E103 /* Assets.xcassets in Resources */,
				74FED0AC2850008F0095E103 /* Main.storyboard in Resources */,
			);
			runOnlyForDeploymentPostprocessing = 0;
		};
/* End PBXResourcesBuildPhase section */

/* Begin PBXSourcesBuildPhase section */
		74FED09D2850008F0095E103 /* Sources */ = {
			isa = PBXSourcesBuildPhase;
			buildActionMask = 2147483647;
			files = (
				74FED0A92850008F0095E103 /* ViewController.swift in Sources */,
				74FED0A52850008F0095E103 /* AppDelegate.swift in Sources */,
				74FED0B9285001340095E103 /* ClassBeer.swift in Sources */,
				74FED0A72850008F0095E103 /* SceneDelegate.swift in Sources */,
				74FED0BB2850025D0095E103 /* Manager.swift in Sources */,
			);
			runOnlyForDeploymentPostprocessing = 0;
		};
/* End PBXSourcesBuildPhase section */

/* Begin PBXVariantGroup section */
		74FED0AA2850008F0095E103 /* Main.storyboard */ = {
			isa = PBXVariantGroup;
			children = (
				74FED0AB2850008F0095E103 /* Base */,
			);
			name = Main.storyboard;
			sourceTree = "<group>";
		};
		74FED0AF285000900095E103 /* LaunchScreen.storyboard */ = {
			isa = PBXVariantGroup;
			children = (
				74FED0B0285000900095E103 /* Base */,
			);
			name = LaunchScreen.storyboard;
			sourceTree = "<group>";
		};
/* End PBXVariantGroup section */

/* Begin XCBuildConfiguration section */
		74FED0B3285000900095E103 /* Debug */ = {
			isa = XCBuildConfiguration;
			buildSettings = {
				ALWAYS_SEARCH_USER_PATHS = NO;
				CLANG_ANALYZER_NONNULL = YES;
				CLANG_ANALYZER_NUMBER_OBJECT_CONVERSION = YES_AGGRESSIVE;
				CLANG_CXX_LANGUAGE_STANDARD = "gnu++17";
				CLANG_ENABLE_MODULES = YES;
				CLANG_ENABLE_OBJC_ARC = YES;
				CLANG_ENABLE_OBJC_WEAK = YES;
				CLANG_WARN_BLOCK_CAPTURE_AUTORELEASING = YES;
				CLANG_WARN_BOOL_CONVERSION = YES;
				CLANG_WARN_COMMA = YES;
				CLANG_WARN_CONSTANT_CONVERSION = YES;
				CLANG_WARN_DEPRECATED_OBJC_IMPLEMENTATIONS = YES;
				CLANG_WARN_DIRECT_OBJC_ISA_USAGE = YES_ERROR;
				CLANG_WARN_DOCUMENTATION_COMMENTS = YES;
				CLANG_WARN_EMPTY_BODY = YES;
				CLANG_WARN_ENUM_CONVERSION = YES;
				CLANG_WARN_INFINITE_RECURSION = YES;
				CLANG_WARN_INT_CONVERSION = YES;
				CLANG_WARN_NON_LITERAL_NULL_CONVERSION = YES;
				CLANG_WARN_OBJC_IMPLICIT_RETAIN_SELF = YES;
				CLANG_WARN_OBJC_LITERAL_CONVERSION = YES;
				CLANG_WARN_OBJC_ROOT_CLASS = YES_ERROR;
				CLANG_WARN_QUOTED_INCLUDE_IN_FRAMEWORK_HEADER = YES;
				CLANG_WARN_RANGE_LOOP_ANALYSIS = YES;
				CLANG_WARN_STRICT_PROTOTYPES = YES;
				CLANG_WARN_SUSPICIOUS_MOVE = YES;
				CLANG_WARN_UNGUARDED_AVAILABILITY = YES_AGGRESSIVE;
				CLANG_WARN_UNREACHABLE_CODE = YES;
				CLANG_WARN__DUPLICATE_METHOD_MATCH = YES;
				COPY_PHASE_STRIP = NO;
				DEBUG_INFORMATION_FORMAT = dwarf;
				ENABLE_STRICT_OBJC_MSGSEND = YES;
				ENABLE_TESTABILITY = YES;
				GCC_C_LANGUAGE_STANDARD = gnu11;
				GCC_DYNAMIC_NO_PIC = NO;
				GCC_NO_COMMON_BLOCKS = YES;
				GCC_OPTIMIZATION_LEVEL = 0;
				GCC_PREPROCESSOR_DEFINITIONS = (
					"DEBUG=1",
					"$(inherited)",
				);
				GCC_WARN_64_TO_32_BIT_CONVERSION = YES;
				GCC_WARN_ABOUT_RETURN_TYPE = YES_ERROR;
				GCC_WARN_UNDECLARED_SELECTOR = YES;
				GCC_WARN_UNINITIALIZED_AUTOS = YES_AGGRESSIVE;
				GCC_WARN_UNUSED_FUNCTION = YES;
				GCC_WARN_UNUSED_VARIABLE = YES;
				IPHONEOS_DEPLOYMENT_TARGET = 15.5;
				MTL_ENABLE_DEBUG_INFO = INCLUDE_SOURCE;
				MTL_FAST_MATH = YES;
				ONLY_ACTIVE_ARCH = YES;
				SDKROOT = iphoneos;
				SWIFT_ACTIVE_COMPILATION_CONDITIONS = DEBUG;
				SWIFT_OPTIMIZATION_LEVEL = "-Onone";
			};
			name = Debug;
		};
		74FED0B4285000900095E103 /* Release */ = {
			isa = XCBuildConfiguration;
			buildSettings = {
				ALWAYS_SEARCH_USER_PATHS = NO;
				CLANG_ANALYZER_NONNULL = YES;
				CLANG_ANALYZER_NUMBER_OBJECT_CONVERSION = YES_AGGRESSIVE;
				CLANG_CXX_LANGUAGE_STANDARD = "gnu++17";
				CLANG_ENABLE_MODULES = YES;
				CLANG_ENABLE_OBJC_ARC = YES;
				CLANG_ENABLE_OBJC_WEAK = YES;
				CLANG_WARN_BLOCK_CAPTURE_AUTORELEASING = YES;
				CLANG_WARN_BOOL_CONVERSION = YES;
				CLANG_WARN_COMMA = YES;
				CLANG_WARN_CONSTANT_CONVERSION = YES;
				CLANG_WARN_DEPRECATED_OBJC_IMPLEMENTATIONS = YES;
				CLANG_WARN_DIRECT_OBJC_ISA_USAGE = YES_ERROR;
				CLANG_WARN_DOCUMENTATION_COMMENTS = YES;
				CLANG_WARN_EMPTY_BODY = YES;
				CLANG_WARN_ENUM_CONVERSION = YES;
				CLANG_WARN_INFINITE_RECURSION = YES;
				CLANG_WARN_INT_CONVERSION = YES;
				CLANG_WARN_NON_LITERAL_NULL_CONVERSION = YES;
				CLANG_WARN_OBJC_IMPLICIT_RETAIN_SELF = YES;
				CLANG_WARN_OBJC_LITERAL_CONVERSION = YES;
				CLANG_WARN_OBJC_ROOT_CLASS = YES_ERROR;
				CLANG_WARN_QUOTED_INCLUDE_IN_FRAMEWORK_HEADER = YES;
				CLANG_WARN_RANGE_LOOP_ANALYSIS = YES;
				CLANG_WARN_STRICT_PROTOTYPES = YES;
				CLANG_WARN_SUSPICIOUS_MOVE = YES;
				CLANG_WARN_UNGUARDED_AVAILABILITY = YES_AGGRESSIVE;
				CLANG_WARN_UNREACHABLE_CODE = YES;
				CLANG_WARN__DUPLICATE_METHOD_MATCH = YES;
				COPY_PHASE_STRIP = NO;
				DEBUG_INFORMATION_FORMAT = "dwarf-with-dsym";
				ENABLE_NS_ASSERTIONS = NO;
				ENABLE_STRICT_OBJC_MSGSEND = YES;
				GCC_C_LANGUAGE_STANDARD = gnu11;
				GCC_NO_COMMON_BLOCKS = YES;
				GCC_WARN_64_TO_32_BIT_CONVERSION = YES;
				GCC_WARN_ABOUT_RETURN_TYPE = YES_ERROR;
				GCC_WARN_UNDECLARED_SELECTOR = YES;
				GCC_WARN_UNINITIALIZED_AUTOS = YES_AGGRESSIVE;
				GCC_WARN_UNUSED_FUNCTION = YES;
				GCC_WARN_UNUSED_VARIABLE = YES;
				IPHONEOS_DEPLOYMENT_TARGET = 15.5;
				MTL_ENABLE_DEBUG_INFO = NO;
				MTL_FAST_MATH = YES;
				SDKROOT = iphoneos;
				SWIFT_COMPILATION_MODE = wholemodule;
				SWIFT_OPTIMIZATION_LEVEL = "-O";
				VALIDATE_PRODUCT = YES;
			};
			name = Release;
		};
		74FED0B6285000900095E103 /* Debug */ = {
			isa = XCBuildConfiguration;
			buildSettings = {
				ASSETCATALOG_COMPILER_APPICON_NAME = AppIcon;
				ASSETCATALOG_COMPILER_GLOBAL_ACCENT_COLOR_NAME = AccentColor;
				CODE_SIGN_STYLE = Automatic;
				CURRENT_PROJECT_VERSION = 1;
				DEVELOPMENT_TEAM = V772U6P2JT;
				GENERATE_INFOPLIST_FILE = YES;
				INFOPLIST_FILE = "TMS DZ 4.1 (dz)/Info.plist";
				INFOPLIST_KEY_UIApplicationSupportsIndirectInputEvents = YES;
				INFOPLIST_KEY_UILaunchStoryboardName = LaunchScreen;
				INFOPLIST_KEY_UIMainStoryboardFile = Main;
				INFOPLIST_KEY_UISupportedInterfaceOrientations_iPad = "UIInterfaceOrientationPortrait UIInterfaceOrientationPortraitUpsideDown UIInterfaceOrientationLandscapeLeft UIInterfaceOrientationLandscapeRight";
				INFOPLIST_KEY_UISupportedInterfaceOrientations_iPhone = "UIInterfaceOrientationPortrait UIInterfaceOrientationLandscapeLeft UIInterfaceOrientationLandscapeRight";
				LD_RUNPATH_SEARCH_PATHS = (
					"$(inherited)",
					"@executable_path/Frameworks",
				);
				MARKETING_VERSION = 1.0;
				PRODUCT_BUNDLE_IDENTIFIER = "egor.kartashev.TMS-DZ-4-1--dz-";
				PRODUCT_NAME = "$(TARGET_NAME)";
				SWIFT_EMIT_LOC_STRINGS = YES;
				SWIFT_VERSION = 5.0;
				TARGETED_DEVICE_FAMILY = 1;
			};
			name = Debug;
		};
		74FED0B7285000900095E103 /* Release */ = {
			isa = XCBuildConfiguration;
			buildSettings = {
				ASSETCATALOG_COMPILER_APPICON_NAME = AppIcon;
				ASSETCATALOG_COMPILER_GLOBAL_ACCENT_COLOR_NAME = AccentColor;
				CODE_SIGN_STYLE = Automatic;
				CURRENT_PROJECT_VERSION = 1;
				DEVELOPMENT_TEAM = V772U6P2JT;
				GENERATE_INFOPLIST_FILE = YES;
				INFOPLIST_FILE = "TMS DZ 4.1 (dz)/Info.plist";
				INFOPLIST_KEY_UIApplicationSupportsIndirectInputEvents = YES;
				INFOPLIST_KEY_UILaunchStoryboardName = LaunchScreen;
				INFOPLIST_KEY_UIMainStoryboardFile = Main;
				INFOPLIST_KEY_UISupportedInterfaceOrientations_iPad = "UIInterfaceOrientationPortrait UIInterfaceOrientationPortraitUpsideDown UIInterfaceOrientationLandscapeLeft UIInterfaceOrientationLandscapeRight";
				INFOPLIST_KEY_UISupportedInterfaceOrientations_iPhone = "UIInterfaceOrientationPortrait UIInterfaceOrientationLandscapeLeft UIInterfaceOrientationLandscapeRight";
				LD_RUNPATH_SEARCH_PATHS = (
					"$(inherited)",
					"@executable_path/Frameworks",
				);
				MARKETING_VERSION = 1.0;
				PRODUCT_BUNDLE_IDENTIFIER = "egor.kartashev.TMS-DZ-4-1--dz-";
				PRODUCT_NAME = "$(TARGET_NAME)";
				SWIFT_EMIT_LOC_STRINGS = YES;
				SWIFT_VERSION = 5.0;
				TARGETED_DEVICE_FAMILY = 1;
			};
			name = Release;
		};
/* End XCBuildConfiguration section */

/* Begin XCConfigurationList section */
		74FED09C2850008F0095E103 /* Build configuration list for PBXProject "TMS DZ 4.1 (dz)" */ = {
			isa = XCConfigurationList;
			buildConfigurations = (
				74FED0B3285000900095E103 /* Debug */,
				74FED0B4285000900095E103 /* Release */,
			);
			defaultConfigurationIsVisible = 0;
			defaultConfigurationName = Release;
		};
		74FED0B5285000900095E103 /* Build configuration list for PBXNativeTarget "TMS DZ 4.1 (dz)" */ = {
			isa = XCConfigurationList;
			buildConfigurations = (
				74FED0B6285000900095E103 /* Debug */,
				74FED0B7285000900095E103 /* Release */,
			);
			defaultConfigurationIsVisible = 0;
			defaultConfigurationName = Release;
		};
/* End XCConfigurationList section */
	};
	rootObject = 74FED0992850008F0095E103 /* Project object */;
}
